// !$*UTF8*$!
{
	archiveVersion = 1;
	classes = {
	};
	objectVersion = 77;
	objects = {

/* Begin PBXBuildFile section */
		CB82FAD72F0D3F1100D65A4A /* MarsTimeWatch Watch App.app in Embed Watch Content */ = {isa = PBXBuildFile; fileRef = CB82FAB72F0D3F0D00D65A4A /* MarsTimeWatch Watch App.app */; settings = {ATTRIBUTES = (RemoveHeadersOnCopy, ); }; };
		CB82FAE42F0D3F8200D65A4A /* MarsTimeEngine.swift in Sources */ = {isa = PBXBuildFile; fileRef = CB82FAE32F0D3F8200D65A4A /* MarsTimeEngine.swift */; };
		CB82FAE52F0D3F8200D65A4A /* MarsTimeEngine.swift in Sources */ = {isa = PBXBuildFile; fileRef = CB82FAE32F0D3F8200D65A4A /* MarsTimeEngine.swift */; };
		CB82FAE82F0D3FCB00D65A4A /* MarsClockViewModel.swift in Sources */ = {isa = PBXBuildFile; fileRef = CB82FAE72F0D3FC000D65A4A /* MarsClockViewModel.swift */; };
		CB82FAEA2F0D406B00D65A4A /* WatchClockViewModel.swift in Sources */ = {isa = PBXBuildFile; fileRef = CB82FAE92F0D406200D65A4A /* WatchClockViewModel.swift */; };
/* End PBXBuildFile section */

/* Begin PBXContainerItemProxy section */
		CB82FA972F0D3DF800D65A4A /* PBXContainerItemProxy */ = {
			isa = PBXContainerItemProxy;
			containerPortal = CB82FA812F0D3DF500D65A4A /* Project object */;
			proxyType = 1;
			remoteGlobalIDString = CB82FA882F0D3DF500D65A4A;
			remoteInfo = MarsTime;
		};
		CB82FAA12F0D3DF800D65A4A /* PBXContainerItemProxy */ = {
			isa = PBXContainerItemProxy;
			containerPortal = CB82FA812F0D3DF500D65A4A /* Project object */;
			proxyType = 1;
			remoteGlobalIDString = CB82FA882F0D3DF500D65A4A;
			remoteInfo = MarsTime;
		};
		CB82FAC42F0D3F1100D65A4A /* PBXContainerItemProxy */ = {
			isa = PBXContainerItemProxy;
			containerPortal = CB82FA812F0D3DF500D65A4A /* Project object */;
			proxyType = 1;
			remoteGlobalIDString = CB82FAB62F0D3F0D00D65A4A;
			remoteInfo = "MarsTimeWatch Watch App";
		};
		CB82FACE2F0D3F1100D65A4A /* PBXContainerItemProxy */ = {
			isa = PBXContainerItemProxy;
			containerPortal = CB82FA812F0D3DF500D65A4A /* Project object */;
			proxyType = 1;
			remoteGlobalIDString = CB82FAB62F0D3F0D00D65A4A;
			remoteInfo = "MarsTimeWatch Watch App";
		};
		CB82FAD52F0D3F1100D65A4A /* PBXContainerItemProxy */ = {
			isa = PBXContainerItemProxy;
			containerPortal = CB82FA812F0D3DF500D65A4A /* Project object */;
			proxyType = 1;
			remoteGlobalIDString = CB82FAB62F0D3F0D00D65A4A;
			remoteInfo = "MarsTimeWatch Watch App";
		};
/* End PBXContainerItemProxy section */

/* Begin PBXCopyFilesBuildPhase section */
		CB82FADB2F0D3F1100D65A4A /* Embed Watch Content */ = {
			isa = PBXCopyFilesBuildPhase;
			buildActionMask = 2147483647;
			dstPath = "$(CONTENTS_FOLDER_PATH)/Watch";
			dstSubfolderSpec = 16;
			files = (
				CB82FAD72F0D3F1100D65A4A /* MarsTimeWatch Watch App.app in Embed Watch Content */,
			);
			name = "Embed Watch Content";
			runOnlyForDeploymentPostprocessing = 0;
		};
/* End PBXCopyFilesBuildPhase section */

/* Begin PBXFileReference section */
		CB82FA892F0D3DF500D65A4A /* MarsTime.app */ = {isa = PBXFileReference; explicitFileType = wrapper.application; includeInIndex = 0; path = MarsTime.app; sourceTree = BUILT_PRODUCTS_DIR; };
		CB82FA962F0D3DF800D65A4A /* MarsTimeTests.xctest */ = {isa = PBXFileReference; explicitFileType = wrapper.cfbundle; includeInIndex = 0; path = MarsTimeTests.xctest; sourceTree = BUILT_PRODUCTS_DIR; };
		CB82FAA02F0D3DF800D65A4A /* MarsTimeUITests.xctest */ = {isa = PBXFileReference; explicitFileType = wrapper.cfbundle; includeInIndex = 0; path = MarsTimeUITests.xctest; sourceTree = BUILT_PRODUCTS_DIR; };
		CB82FAB72F0D3F0D00D65A4A /* MarsTimeWatch Watch App.app */ = {isa = PBXFileReference; explicitFileType = wrapper.application; includeInIndex = 0; path = "MarsTimeWatch Watch App.app"; sourceTree = BUILT_PRODUCTS_DIR; };
		CB82FAC32F0D3F1100D65A4A /* MarsTimeWatch Watch AppTests.xctest */ = {isa = PBXFileReference; explicitFileType = wrapper.cfbundle; includeInIndex = 0; path = "MarsTimeWatch Watch AppTests.xctest"; sourceTree = BUILT_PRODUCTS_DIR; };
		CB82FACD2F0D3F1100D65A4A /* MarsTimeWatch Watch AppUITests.xctest */ = {isa = PBXFileReference; explicitFileType = wrapper.cfbundle; includeInIndex = 0; path = "MarsTimeWatch Watch AppUITests.xctest"; sourceTree = BUILT_PRODUCTS_DIR; };
		CB82FAE32F0D3F8200D65A4A /* MarsTimeEngine.swift */ = {isa = PBXFileReference; lastKnownFileType = sourcecode.swift; path = MarsTimeEngine.swift; sourceTree = "<group>"; };
		CB82FAE72F0D3FC000D65A4A /* MarsClockViewModel.swift */ = {isa = PBXFileReference; lastKnownFileType = sourcecode.swift; path = MarsClockViewModel.swift; sourceTree = "<group>"; };
		CB82FAE92F0D406200D65A4A /* WatchClockViewModel.swift */ = {isa = PBXFileReference; lastKnownFileType = sourcecode.swift; path = WatchClockViewModel.swift; sourceTree = "<group>"; };
/* End PBXFileReference section */

/* Begin PBXFileSystemSynchronizedRootGroup section */
		CB82FA8B2F0D3DF500D65A4A /* MarsTime */ = {
			isa = PBXFileSystemSynchronizedRootGroup;
			path = MarsTime;
			sourceTree = "<group>";
		};
		CB82FA992F0D3DF800D65A4A /* MarsTimeTests */ = {
			isa = PBXFileSystemSynchronizedRootGroup;
			path = MarsTimeTests;
			sourceTree = "<group>";
		};
		CB82FAA32F0D3DF800D65A4A /* MarsTimeUITests */ = {
			isa = PBXFileSystemSynchronizedRootGroup;
			path = MarsTimeUITests;
			sourceTree = "<group>";
		};
		CB82FAB82F0D3F0D00D65A4A /* MarsTimeWatch Watch App */ = {
			isa = PBXFileSystemSynchronizedRootGroup;
			path = "MarsTimeWatch Watch App";
			sourceTree = "<group>";
		};
		CB82FAC62F0D3F1100D65A4A /* MarsTimeWatch Watch AppTests */ = {
			isa = PBXFileSystemSynchronizedRootGroup;
			path = "MarsTimeWatch Watch AppTests";
			sourceTree = "<group>";
		};
		CB82FAD02F0D3F1100D65A4A /* MarsTimeWatch Watch AppUITests */ = {
			isa = PBXFileSystemSynchronizedRootGroup;
			path = "MarsTimeWatch Watch AppUITests";
			sourceTree = "<group>";
		};
/* End PBXFileSystemSynchronizedRootGroup section */

/* Begin PBXFrameworksBuildPhase section */
		CB82FA862F0D3DF500D65A4A /* Frameworks */ = {
			isa = PBXFrameworksBuildPhase;
			buildActionMask = 2147483647;
			files = (
			);
			runOnlyForDeploymentPostprocessing = 0;
		};
		CB82FA932F0D3DF800D65A4A /* Frameworks */ = {
			isa = PBXFrameworksBuildPhase;
			buildActionMask = 2147483647;
			files = (
			);
			runOnlyForDeploymentPostprocessing = 0;
		};
		CB82FA9D2F0D3DF800D65A4A /* Frameworks */ = {
			isa = PBXFrameworksBuildPhase;
			buildActionMask = 2147483647;
			files = (
			);
			runOnlyForDeploymentPostprocessing = 0;
		};
		CB82FAB42F0D3F0D00D65A4A /* Frameworks */ = {
			isa = PBXFrameworksBuildPhase;
			buildActionMask = 2147483647;
			files = (
			);
			runOnlyForDeploymentPostprocessing = 0;
		};
		CB82FAC02F0D3F1100D65A4A /* Frameworks */ = {
			isa = PBXFrameworksBuildPhase;
			buildActionMask = 2147483647;
			files = (
			);
			runOnlyForDeploymentPostprocessing = 0;
		};
		CB82FACA2F0D3F1100D65A4A /* Frameworks */ = {
			isa = PBXFrameworksBuildPhase;
			buildActionMask = 2147483647;
			files = (
			);
			runOnlyForDeploymentPostprocessing = 0;
		};
/* End PBXFrameworksBuildPhase section */

/* Begin PBXGroup section */
		CB82FA802F0D3DF500D65A4A = {
			isa = PBXGroup;
			children = (
				CB82FAE22F0D3F4800D65A4A /* Engine */,
				CB82FA992F0D3DF800D65A4A /* MarsTimeTests */,
				CB82FAA32F0D3DF800D65A4A /* MarsTimeUITests */,
				CB82FAED2F0D412700D65A4A /* Views */,
				CB82FAC62F0D3F1100D65A4A /* MarsTimeWatch Watch AppTests */,
				CB82FAD02F0D3F1100D65A4A /* MarsTimeWatch Watch AppUITests */,
				CB82FA8A2F0D3DF500D65A4A /* Products */,
			);
			sourceTree = "<group>";
		};
		CB82FA8A2F0D3DF500D65A4A /* Products */ = {
			isa = PBXGroup;
			children = (
				CB82FA892F0D3DF500D65A4A /* MarsTime.app */,
				CB82FA962F0D3DF800D65A4A /* MarsTimeTests.xctest */,
				CB82FAA02F0D3DF800D65A4A /* MarsTimeUITests.xctest */,
				CB82FAB72F0D3F0D00D65A4A /* MarsTimeWatch Watch App.app */,
				CB82FAC32F0D3F1100D65A4A /* MarsTimeWatch Watch AppTests.xctest */,
				CB82FACD2F0D3F1100D65A4A /* MarsTimeWatch Watch AppUITests.xctest */,
			);
			name = Products;
			sourceTree = "<group>";
		};
		CB82FAE22F0D3F4800D65A4A /* Engine */ = {
			isa = PBXGroup;
			children = (
				CB82FAE32F0D3F8200D65A4A /* MarsTimeEngine.swift */,
				CB82FAE62F0D3F9F00D65A4A /* ViewModels */,
			);
			path = Engine;
			sourceTree = "<group>";
		};
		CB82FAE62F0D3F9F00D65A4A /* ViewModels */ = {
			isa = PBXGroup;
			children = (
				CB82FAE92F0D406200D65A4A /* WatchClockViewModel.swift */,
				CB82FAE72F0D3FC000D65A4A /* MarsClockViewModel.swift */,
				CB82FAEB2F0D408600D65A4A /* Views */,
			);
			path = ViewModels;
			sourceTree = "<group>";
		};
		CB82FAEB2F0D408600D65A4A /* Views */ = {
			isa = PBXGroup;
			children = (
				CB82FAEC2F0D409500D65A4A /* Components */,
				CB82FA8B2F0D3DF500D65A4A /* MarsTime */,
			);
			path = Views;
			sourceTree = "<group>";
		};
		CB82FAEC2F0D409500D65A4A /* Components */ = {
			isa = PBXGroup;
			children = (
			);
			path = Components;
			sourceTree = "<group>";
		};
		CB82FAED2F0D412700D65A4A /* Views */ = {
			isa = PBXGroup;
			children = (
				CB82FAB82F0D3F0D00D65A4A /* MarsTimeWatch Watch App */,
			);
			path = Views;
			sourceTree = "<group>";
		};
/* End PBXGroup section */

/* Begin PBXNativeTarget section */
		CB82FA882F0D3DF500D65A4A /* MarsTime */ = {
			isa = PBXNativeTarget;
			buildConfigurationList = CB82FAAA2F0D3DF800D65A4A /* Build configuration list for PBXNativeTarget "MarsTime" */;
			buildPhases = (
				CB82FA852F0D3DF500D65A4A /* Sources */,
				CB82FA862F0D3DF500D65A4A /* Frameworks */,
				CB82FA872F0D3DF500D65A4A /* Resources */,
				CB82FADB2F0D3F1100D65A4A /* Embed Watch Content */,
			);
			buildRules = (
			);
			dependencies = (
				CB82FAD62F0D3F1100D65A4A /* PBXTargetDependency */,
			);
			fileSystemSynchronizedGroups = (
				CB82FA8B2F0D3DF500D65A4A /* MarsTime */,
			);
			name = MarsTime;
			packageProductDependencies = (
			);
			productName = MarsTime;
			productReference = CB82FA892F0D3DF500D65A4A /* MarsTime.app */;
			productType = "com.apple.product-type.application";
		};
		CB82FA952F0D3DF800D65A4A /* MarsTimeTests */ = {
			isa = PBXNativeTarget;
			buildConfigurationList = CB82FAAD2F0D3DF800D65A4A /* Build configuration list for PBXNativeTarget "MarsTimeTests" */;
			buildPhases = (
				CB82FA922F0D3DF800D65A4A /* Sources */,
				CB82FA932F0D3DF800D65A4A /* Frameworks */,
				CB82FA942F0D3DF800D65A4A /* Resources */,
			);
			buildRules = (
			);
			dependencies = (
				CB82FA982F0D3DF800D65A4A /* PBXTargetDependency */,
			);
			fileSystemSynchronizedGroups = (
				CB82FA992F0D3DF800D65A4A /* MarsTimeTests */,
			);
			name = MarsTimeTests;
			packageProductDependencies = (
			);
			productName = MarsTimeTests;
			productReference = CB82FA962F0D3DF800D65A4A /* MarsTimeTests.xctest */;
			productType = "com.apple.product-type.bundle.unit-test";
		};
		CB82FA9F2F0D3DF800D65A4A /* MarsTimeUITests */ = {
			isa = PBXNativeTarget;
			buildConfigurationList = CB82FAB02F0D3DF800D65A4A /* Build configuration list for PBXNativeTarget "MarsTimeUITests" */;
			buildPhases = (
				CB82FA9C2F0D3DF800D65A4A /* Sources */,
				CB82FA9D2F0D3DF800D65A4A /* Frameworks */,
				CB82FA9E2F0D3DF800D65A4A /* Resources */,
			);
			buildRules = (
			);
			dependencies = (
				CB82FAA22F0D3DF800D65A4A /* PBXTargetDependency */,
			);
			fileSystemSynchronizedGroups = (
				CB82FAA32F0D3DF800D65A4A /* MarsTimeUITests */,
			);
			name = MarsTimeUITests;
			packageProductDependencies = (
			);
			productName = MarsTimeUITests;
			productReference = CB82FAA02F0D3DF800D65A4A /* MarsTimeUITests.xctest */;
			productType = "com.apple.product-type.bundle.ui-testing";
		};
		CB82FAB62F0D3F0D00D65A4A /* MarsTimeWatch Watch App */ = {
			isa = PBXNativeTarget;
			buildConfigurationList = CB82FAD82F0D3F1100D65A4A /* Build configuration list for PBXNativeTarget "MarsTimeWatch Watch App" */;
			buildPhases = (
				CB82FAB32F0D3F0D00D65A4A /* Sources */,
				CB82FAB42F0D3F0D00D65A4A /* Frameworks */,
				CB82FAB52F0D3F0D00D65A4A /* Resources */,
			);
			buildRules = (
			);
			dependencies = (
			);
			fileSystemSynchronizedGroups = (
				CB82FAB82F0D3F0D00D65A4A /* MarsTimeWatch Watch App */,
			);
			name = "MarsTimeWatch Watch App";
			packageProductDependencies = (
			);
			productName = "MarsTimeWatch Watch App";
			productReference = CB82FAB72F0D3F0D00D65A4A /* MarsTimeWatch Watch App.app */;
			productType = "com.apple.product-type.application";
		};
		CB82FAC22F0D3F1100D65A4A /* MarsTimeWatch Watch AppTests */ = {
			isa = PBXNativeTarget;
			buildConfigurationList = CB82FADC2F0D3F1100D65A4A /* Build configuration list for PBXNativeTarget "MarsTimeWatch Watch AppTests" */;
			buildPhases = (
				CB82FABF2F0D3F1100D65A4A /* Sources */,
				CB82FAC02F0D3F1100D65A4A /* Frameworks */,
				CB82FAC12F0D3F1100D65A4A /* Resources */,
			);
			buildRules = (
			);
			dependencies = (
				CB82FAC52F0D3F1100D65A4A /* PBXTargetDependency */,
			);
			fileSystemSynchronizedGroups = (
				CB82FAC62F0D3F1100D65A4A /* MarsTimeWatch Watch AppTests */,
			);
			name = "MarsTimeWatch Watch AppTests";
			packageProductDependencies = (
			);
			productName = "MarsTimeWatch Watch AppTests";
			productReference = CB82FAC32F0D3F1100D65A4A /* MarsTimeWatch Watch AppTests.xctest */;
			productType = "com.apple.product-type.bundle.unit-test";
		};
		CB82FACC2F0D3F1100D65A4A /* MarsTimeWatch Watch AppUITests */ = {
			isa = PBXNativeTarget;
			buildConfigurationList = CB82FADF2F0D3F1100D65A4A /* Build configuration list for PBXNativeTarget "MarsTimeWatch Watch AppUITests" */;
			buildPhases = (
				CB82FAC92F0D3F1100D65A4A /* Sources */,
				CB82FACA2F0D3F1100D65A4A /* Frameworks */,
				CB82FACB2F0D3F1100D65A4A /* Resources */,
			);
			buildRules = (
			);
			dependencies = (
				CB82FACF2F0D3F1100D65A4A /* PBXTargetDependency */,
			);
			fileSystemSynchronizedGroups = (
				CB82FAD02F0D3F1100D65A4A /* MarsTimeWatch Watch AppUITests */,
			);
			name = "MarsTimeWatch Watch AppUITests";
			packageProductDependencies = (
			);
			productName = "MarsTimeWatch Watch AppUITests";
			productReference = CB82FACD2F0D3F1100D65A4A /* MarsTimeWatch Watch AppUITests.xctest */;
			productType = "com.apple.product-type.bundle.ui-testing";
		};
/* End PBXNativeTarget section */

/* Begin PBXProject section */
		CB82FA812F0D3DF500D65A4A /* Project object */ = {
			isa = PBXProject;
			attributes = {
				BuildIndependentTargetsInParallel = 1;
				LastSwiftUpdateCheck = 2620;
				LastUpgradeCheck = 2620;
				TargetAttributes = {
					CB82FA882F0D3DF500D65A4A = {
						CreatedOnToolsVersion = 26.2;
					};
					CB82FA952F0D3DF800D65A4A = {
						CreatedOnToolsVersion = 26.2;
						TestTargetID = CB82FA882F0D3DF500D65A4A;
					};
					CB82FA9F2F0D3DF800D65A4A = {
						CreatedOnToolsVersion = 26.2;
						TestTargetID = CB82FA882F0D3DF500D65A4A;
					};
					CB82FAB62F0D3F0D00D65A4A = {
						CreatedOnToolsVersion = 26.2;
					};
					CB82FAC22F0D3F1100D65A4A = {
						CreatedOnToolsVersion = 26.2;
						TestTargetID = CB82FAB62F0D3F0D00D65A4A;
					};
					CB82FACC2F0D3F1100D65A4A = {
						CreatedOnToolsVersion = 26.2;
						TestTargetID = CB82FAB62F0D3F0D00D65A4A;
					};
				};
			};
			buildConfigurationList = CB82FA842F0D3DF500D65A4A /* Build configuration list for PBXProject "MarsTime" */;
			developmentRegion = en;
			hasScannedForEncodings = 0;
			knownRegions = (
				en,
				Base,
			);
			mainGroup = CB82FA802F0D3DF500D65A4A;
			minimizedProjectReferenceProxies = 1;
			preferredProjectObjectVersion = 77;
			productRefGroup = CB82FA8A2F0D3DF500D65A4A /* Products */;
			projectDirPath = "";
			projectRoot = "";
			targets = (
				CB82FA882F0D3DF500D65A4A /* MarsTime */,
				CB82FA952F0D3DF800D65A4A /* MarsTimeTests */,
				CB82FA9F2F0D3DF800D65A4A /* MarsTimeUITests */,
				CB82FAB62F0D3F0D00D65A4A /* MarsTimeWatch Watch App */,
				CB82FAC22F0D3F1100D65A4A /* MarsTimeWatch Watch AppTests */,
				CB82FACC2F0D3F1100D65A4A /* MarsTimeWatch Watch AppUITests */,
			);
		};
/* End PBXProject section */

/* Begin PBXResourcesBuildPhase section */
		CB82FA872F0D3DF500D65A4A /* Resources */ = {
			isa = PBXResourcesBuildPhase;
			buildActionMask = 2147483647;
			files = (
			);
			runOnlyForDeploymentPostprocessing = 0;
		};
		CB82FA942F0D3DF800D65A4A /* Resources */ = {
			isa = PBXResourcesBuildPhase;
			buildActionMask = 2147483647;
			files = (
			);
			runOnlyForDeploymentPostprocessing = 0;
		};
		CB82FA9E2F0D3DF800D65A4A /* Resources */ = {
			isa = PBXResourcesBuildPhase;
			buildActionMask = 2147483647;
			files = (
			);
			runOnlyForDeploymentPostprocessing = 0;
		};
		CB82FAB52F0D3F0D00D65A4A /* Resources */ = {
			isa = PBXResourcesBuildPhase;
			buildActionMask = 2147483647;
			files = (
			);
			runOnlyForDeploymentPostprocessing = 0;
		};
		CB82FAC12F0D3F1100D65A4A /* Resources */ = {
			isa = PBXResourcesBuildPhase;
			buildActionMask = 2147483647;
			files = (
			);
			runOnlyForDeploymentPostprocessing = 0;
		};
		CB82FACB2F0D3F1100D65A4A /* Resources */ = {
			isa = PBXResourcesBuildPhase;
			buildActionMask = 2147483647;
			files = (
			);
			runOnlyForDeploymentPostprocessing = 0;
		};
/* End PBXResourcesBuildPhase section */

/* Begin PBXSourcesBuildPhase section */
		CB82FA852F0D3DF500D65A4A /* Sources */ = {
			isa = PBXSourcesBuildPhase;
			buildActionMask = 2147483647;
			files = (
				CB82FAE52F0D3F8200D65A4A /* MarsTimeEngine.swift in Sources */,
				CB82FAEA2F0D406B00D65A4A /* WatchClockViewModel.swift in Sources */,
				CB82FAE82F0D3FCB00D65A4A /* MarsClockViewModel.swift in Sources */,
			);
			runOnlyForDeploymentPostprocessing = 0;
		};
		CB82FA922F0D3DF800D65A4A /* Sources */ = {
			isa = PBXSourcesBuildPhase;
			buildActionMask = 2147483647;
			files = (
			);
			runOnlyForDeploymentPostprocessing = 0;
		};
		CB82FA9C2F0D3DF800D65A4A /* Sources */ = {
			isa = PBXSourcesBuildPhase;
			buildActionMask = 2147483647;
			files = (
			);
			runOnlyForDeploymentPostprocessing = 0;
		};
		CB82FAB32F0D3F0D00D65A4A /* Sources */ = {
			isa = PBXSourcesBuildPhase;
			buildActionMask = 2147483647;
			files = (
				CB82FAE42F0D3F8200D65A4A /* MarsTimeEngine.swift in Sources */,
			);
			runOnlyForDeploymentPostprocessing = 0;
		};
		CB82FABF2F0D3F1100D65A4A /* Sources */ = {
			isa = PBXSourcesBuildPhase;
			buildActionMask = 2147483647;
			files = (
			);
			runOnlyForDeploymentPostprocessing = 0;
		};
		CB82FAC92F0D3F1100D65A4A /* Sources */ = {
			isa = PBXSourcesBuildPhase;
			buildActionMask = 2147483647;
			files = (
			);
			runOnlyForDeploymentPostprocessing = 0;
		};
/* End PBXSourcesBuildPhase section */

/* Begin PBXTargetDependency section */
		CB82FA982F0D3DF800D65A4A /* PBXTargetDependency */ = {
			isa = PBXTargetDependency;
			target = CB82FA882F0D3DF500D65A4A /* MarsTime */;
			targetProxy = CB82FA972F0D3DF800D65A4A /* PBXContainerItemProxy */;
		};
		CB82FAA22F0D3DF800D65A4A /* PBXTargetDependency */ = {
			isa = PBXTargetDependency;
			target = CB82FA882F0D3DF500D65A4A /* MarsTime */;
			targetProxy = CB82FAA12F0D3DF800D65A4A /* PBXContainerItemProxy */;
		};
		CB82FAC52F0D3F1100D65A4A /* PBXTargetDependency */ = {
			isa = PBXTargetDependency;
			target = CB82FAB62F0D3F0D00D65A4A /* MarsTimeWatch Watch App */;
			targetProxy = CB82FAC42F0D3F1100D65A4A /* PBXContainerItemProxy */;
		};
		CB82FACF2F0D3F1100D65A4A /* PBXTargetDependency */ = {
			isa = PBXTargetDependency;
			target = CB82FAB62F0D3F0D00D65A4A /* MarsTimeWatch Watch App */;
			targetProxy = CB82FACE2F0D3F1100D65A4A /* PBXContainerItemProxy */;
		};
		CB82FAD62F0D3F1100D65A4A /* PBXTargetDependency */ = {
			isa = PBXTargetDependency;
			target = CB82FAB62F0D3F0D00D65A4A /* MarsTimeWatch Watch App */;
			targetProxy = CB82FAD52F0D3F1100D65A4A /* PBXContainerItemProxy */;
		};
/* End PBXTargetDependency section */

/* Begin XCBuildConfiguration section */
		CB82FAA82F0D3DF800D65A4A /* Debug */ = {
			isa = XCBuildConfiguration;
			buildSettings = {
				ALWAYS_SEARCH_USER_PATHS = NO;
				ASSETCATALOG_COMPILER_GENERATE_SWIFT_ASSET_SYMBOL_EXTENSIONS = YES;
				CLANG_ANALYZER_NONNULL = YES;
				CLANG_ANALYZER_NUMBER_OBJECT_CONVERSION = YES_AGGRESSIVE;
				CLANG_CXX_LANGUAGE_STANDARD = "gnu++20";
				CLANG_ENABLE_MODULES = YES;
				CLANG_ENABLE_OBJC_ARC = YES;
				CLANG_ENABLE_OBJC_WEAK = YES;
				CLANG_WARN_BLOCK_CAPTURE_AUTORELEASING = YES;
				CLANG_WARN_BOOL_CONVERSION = YES;
				CLANG_WARN_COMMA = YES;
				CLANG_WARN_CONSTANT_CONVERSION = YES;
				CLANG_WARN_DEPRECATED_OBJC_IMPLEMENTATIONS = YES;
				CLANG_WARN_DIRECT_OBJC_ISA_USAGE = YES_ERROR;
				CLANG_WARN_DOCUMENTATION_COMMENTS = YES;
				CLANG_WARN_EMPTY_BODY = YES;
				CLANG_WARN_ENUM_CONVERSION = YES;
				CLANG_WARN_INFINITE_RECURSION = YES;
				CLANG_WARN_INT_CONVERSION = YES;
				CLANG_WARN_NON_LITERAL_NULL_CONVERSION = YES;
				CLANG_WARN_OBJC_IMPLICIT_RETAIN_SELF = YES;
				CLANG_WARN_OBJC_LITERAL_CONVERSION = YES;
				CLANG_WARN_OBJC_ROOT_CLASS = YES_ERROR;
				CLANG_WARN_QUOTED_INCLUDE_IN_FRAMEWORK_HEADER = YES;
				CLANG_WARN_RANGE_LOOP_ANALYSIS = YES;
				CLANG_WARN_STRICT_PROTOTYPES = YES;
				CLANG_WARN_SUSPICIOUS_MOVE = YES;
				CLANG_WARN_UNGUARDED_AVAILABILITY = YES_AGGRESSIVE;
				CLANG_WARN_UNREACHABLE_CODE = YES;
				CLANG_WARN__DUPLICATE_METHOD_MATCH = YES;
				COPY_PHASE_STRIP = NO;
				DEBUG_INFORMATION_FORMAT = dwarf;
				DEVELOPMENT_TEAM = 286LKF859M;
				ENABLE_STRICT_OBJC_MSGSEND = YES;
				ENABLE_TESTABILITY = YES;
				ENABLE_USER_SCRIPT_SANDBOXING = YES;
				GCC_C_LANGUAGE_STANDARD = gnu17;
				GCC_DYNAMIC_NO_PIC = NO;
				GCC_NO_COMMON_BLOCKS = YES;
				GCC_OPTIMIZATION_LEVEL = 0;
				GCC_PREPROCESSOR_DEFINITIONS = (
					"DEBUG=1",
					"$(inherited)",
				);
				GCC_WARN_64_TO_32_BIT_CONVERSION = YES;
				GCC_WARN_ABOUT_RETURN_TYPE = YES_ERROR;
				GCC_WARN_UNDECLARED_SELECTOR = YES;
				GCC_WARN_UNINITIALIZED_AUTOS = YES_AGGRESSIVE;
				GCC_WARN_UNUSED_FUNCTION = YES;
				GCC_WARN_UNUSED_VARIABLE = YES;
				IPHONEOS_DEPLOYMENT_TARGET = 26.2;
				LOCALIZATION_PREFERS_STRING_CATALOGS = YES;
				MTL_ENABLE_DEBUG_INFO = INCLUDE_SOURCE;
				MTL_FAST_MATH = YES;
				ONLY_ACTIVE_ARCH = YES;
				SDKROOT = iphoneos;
				SWIFT_ACTIVE_COMPILATION_CONDITIONS = "DEBUG $(inherited)";
				SWIFT_OPTIMIZATION_LEVEL = "-Onone";
			};
			name = Debug;
		};
		CB82FAA92F0D3DF800D65A4A /* Release */ = {
			isa = XCBuildConfiguration;
			buildSettings = {
				ALWAYS_SEARCH_USER_PATHS = NO;
				ASSETCATALOG_COMPILER_GENERATE_SWIFT_ASSET_SYMBOL_EXTENSIONS = YES;
				CLANG_ANALYZER_NONNULL = YES;
				CLANG_ANALYZER_NUMBER_OBJECT_CONVERSION = YES_AGGRESSIVE;
				CLANG_CXX_LANGUAGE_STANDARD = "gnu++20";
				CLANG_ENABLE_MODULES = YES;
				CLANG_ENABLE_OBJC_ARC = YES;
				CLANG_ENABLE_OBJC_WEAK = YES;
				CLANG_WARN_BLOCK_CAPTURE_AUTORELEASING = YES;
				CLANG_WARN_BOOL_CONVERSION = YES;
				CLANG_WARN_COMMA = YES;
				CLANG_WARN_CONSTANT_CONVERSION = YES;
				CLANG_WARN_DEPRECATED_OBJC_IMPLEMENTATIONS = YES;
				CLANG_WARN_DIRECT_OBJC_ISA_USAGE = YES_ERROR;
				CLANG_WARN_DOCUMENTATION_COMMENTS = YES;
				CLANG_WARN_EMPTY_BODY = YES;
				CLANG_WARN_ENUM_CONVERSION = YES;
				CLANG_WARN_INFINITE_RECURSION = YES;
				CLANG_WARN_INT_CONVERSION = YES;
				CLANG_WARN_NON_LITERAL_NULL_CONVERSION = YES;
				CLANG_WARN_OBJC_IMPLICIT_RETAIN_SELF = YES;
				CLANG_WARN_OBJC_LITERAL_CONVERSION = YES;
				CLANG_WARN_OBJC_ROOT_CLASS = YES_ERROR;
				CLANG_WARN_QUOTED_INCLUDE_IN_FRAMEWORK_HEADER = YES;
				CLANG_WARN_RANGE_LOOP_ANALYSIS = YES;
				CLANG_WARN_STRICT_PROTOTYPES = YES;
				CLANG_WARN_SUSPICIOUS_MOVE = YES;
				CLANG_WARN_UNGUARDED_AVAILABILITY = YES_AGGRESSIVE;
				CLANG_WARN_UNREACHABLE_CODE = YES;
				CLANG_WARN__DUPLICATE_METHOD_MATCH = YES;
				COPY_PHASE_STRIP = NO;
				DEBUG_INFORMATION_FORMAT = "dwarf-with-dsym";
				DEVELOPMENT_TEAM = 286LKF859M;
				ENABLE_NS_ASSERTIONS = NO;
				ENABLE_STRICT_OBJC_MSGSEND = YES;
				ENABLE_USER_SCRIPT_SANDBOXING = YES;
				GCC_C_LANGUAGE_STANDARD = gnu17;
				GCC_NO_COMMON_BLOCKS = YES;
				GCC_WARN_64_TO_32_BIT_CONVERSION = YES;
				GCC_WARN_ABOUT_RETURN_TYPE = YES_ERROR;
				GCC_WARN_UNDECLARED_SELECTOR = YES;
				GCC_WARN_UNINITIALIZED_AUTOS = YES_AGGRESSIVE;
				GCC_WARN_UNUSED_FUNCTION = YES;
				GCC_WARN_UNUSED_VARIABLE = YES;
				IPHONEOS_DEPLOYMENT_TARGET = 26.2;
				LOCALIZATION_PREFERS_STRING_CATALOGS = YES;
				MTL_ENABLE_DEBUG_INFO = NO;
				MTL_FAST_MATH = YES;
				SDKROOT = iphoneos;
				SWIFT_COMPILATION_MODE = wholemodule;
				VALIDATE_PRODUCT = YES;
			};
			name = Release;
		};
		CB82FAAB2F0D3DF800D65A4A /* Debug */ = {
			isa = XCBuildConfiguration;
			buildSettings = {
				ASSETCATALOG_COMPILER_APPICON_NAME = AppIcon;
				ASSETCATALOG_COMPILER_GLOBAL_ACCENT_COLOR_NAME = AccentColor;
				CODE_SIGN_STYLE = Automatic;
				CURRENT_PROJECT_VERSION = 1;
				DEVELOPMENT_TEAM = 286LKF859M;
				ENABLE_PREVIEWS = YES;
				GENERATE_INFOPLIST_FILE = YES;
				INFOPLIST_KEY_CFBundleDisplayName = "Mars Time";
				INFOPLIST_KEY_LSApplicationCategoryType = "public.app-category.utilities";
				INFOPLIST_KEY_UIApplicationSceneManifest_Generation = YES;
				INFOPLIST_KEY_UIApplicationSupportsIndirectInputEvents = YES;
				INFOPLIST_KEY_UILaunchScreen_Generation = YES;
				INFOPLIST_KEY_UISupportedInterfaceOrientations_iPad = "UIInterfaceOrientationPortrait UIInterfaceOrientationPortraitUpsideDown UIInterfaceOrientationLandscapeLeft UIInterfaceOrientationLandscapeRight";
				INFOPLIST_KEY_UISupportedInterfaceOrientations_iPhone = "UIInterfaceOrientationPortrait UIInterfaceOrientationLandscapeLeft UIInterfaceOrientationLandscapeRight";
				IPHONEOS_DEPLOYMENT_TARGET = 18.6;
				LD_RUNPATH_SEARCH_PATHS = (
					"$(inherited)",
					"@executable_path/Frameworks",
				);
				MARKETING_VERSION = 1.0;
				PRODUCT_BUNDLE_IDENTIFIER = com.dushin.MarsTime;
				PRODUCT_NAME = "$(TARGET_NAME)";
				STRING_CATALOG_GENERATE_SYMBOLS = YES;
				SWIFT_APPROACHABLE_CONCURRENCY = YES;
				SWIFT_DEFAULT_ACTOR_ISOLATION = MainActor;
				SWIFT_EMIT_LOC_STRINGS = YES;
				SWIFT_UPCOMING_FEATURE_MEMBER_IMPORT_VISIBILITY = YES;
				SWIFT_VERSION = 5.0;
				TARGETED_DEVICE_FAMILY = "1,2";
			};
			name = Debug;
		};
		CB82FAAC2F0D3DF800D65A4A /* Release */ = {
			isa = XCBuildConfiguration;
			buildSettings = {
				ASSETCATALOG_COMPILER_APPICON_NAME = AppIcon;
				ASSETCATALOG_COMPILER_GLOBAL_ACCENT_COLOR_NAME = AccentColor;
				CODE_SIGN_STYLE = Automatic;
				CURRENT_PROJECT_VERSION = 1;
				DEVELOPMENT_TEAM = 286LKF859M;
				ENABLE_PREVIEWS = YES;
				GENERATE_INFOPLIST_FILE = YES;
				INFOPLIST_KEY_CFBundleDisplayName = "Mars Time";
				INFOPLIST_KEY_LSApplicationCategoryType = "public.app-category.utilities";
				INFOPLIST_KEY_UIApplicationSceneManifest_Generation = YES;
				INFOPLIST_KEY_UIApplicationSupportsIndirectInputEvents = YES;
				INFOPLIST_KEY_UILaunchScreen_Generation = YES;
				INFOPLIST_KEY_UISupportedInterfaceOrientations_iPad = "UIInterfaceOrientationPortrait UIInterfaceOrientationPortraitUpsideDown UIInterfaceOrientationLandscapeLeft UIInterfaceOrientationLandscapeRight";
				INFOPLIST_KEY_UISupportedInterfaceOrientations_iPhone = "UIInterfaceOrientationPortrait UIInterfaceOrientationLandscapeLeft UIInterfaceOrientationLandscapeRight";
				IPHONEOS_DEPLOYMENT_TARGET = 18.6;
				LD_RUNPATH_SEARCH_PATHS = (
					"$(inherited)",
					"@executable_path/Frameworks",
				);
				MARKETING_VERSION = 1.0;
				PRODUCT_BUNDLE_IDENTIFIER = com.dushin.MarsTime;
				PRODUCT_NAME = "$(TARGET_NAME)";
				STRING_CATALOG_GENERATE_SYMBOLS = YES;
				SWIFT_APPROACHABLE_CONCURRENCY = YES;
				SWIFT_DEFAULT_ACTOR_ISOLATION = MainActor;
				SWIFT_EMIT_LOC_STRINGS = YES;
				SWIFT_UPCOMING_FEATURE_MEMBER_IMPORT_VISIBILITY = YES;
				SWIFT_VERSION = 5.0;
				TARGETED_DEVICE_FAMILY = "1,2";
			};
			name = Release;
		};
		CB82FAAE2F0D3DF800D65A4A /* Debug */ = {
			isa = XCBuildConfiguration;
			buildSettings = {
				BUNDLE_LOADER = "$(TEST_HOST)";
				CODE_SIGN_STYLE = Automatic;
				CURRENT_PROJECT_VERSION = 1;
				DEVELOPMENT_TEAM = 286LKF859M;
				GENERATE_INFOPLIST_FILE = YES;
				IPHONEOS_DEPLOYMENT_TARGET = 26.2;
				MARKETING_VERSION = 1.0;
				PRODUCT_BUNDLE_IDENTIFIER = com.dushin.MarsTimeTests;
				PRODUCT_NAME = "$(TARGET_NAME)";
				STRING_CATALOG_GENERATE_SYMBOLS = NO;
				SWIFT_APPROACHABLE_CONCURRENCY = YES;
				SWIFT_EMIT_LOC_STRINGS = NO;
				SWIFT_UPCOMING_FEATURE_MEMBER_IMPORT_VISIBILITY = YES;
				SWIFT_VERSION = 5.0;
				TARGETED_DEVICE_FAMILY = "1,2";
				TEST_HOST = "$(BUILT_PRODUCTS_DIR)/MarsTime.app/$(BUNDLE_EXECUTABLE_FOLDER_PATH)/MarsTime";
			};
			name = Debug;
		};
		CB82FAAF2F0D3DF800D65A4A /* Release */ = {
			isa = XCBuildConfiguration;
			buildSettings = {
				BUNDLE_LOADER = "$(TEST_HOST)";
				CODE_SIGN_STYLE = Automatic;
				CURRENT_PROJECT_VERSION = 1;
				DEVELOPMENT_TEAM = 286LKF859M;
				GENERATE_INFOPLIST_FILE = YES;
				IPHONEOS_DEPLOYMENT_TARGET = 26.2;
				MARKETING_VERSION = 1.0;
				PRODUCT_BUNDLE_IDENTIFIER = com.dushin.MarsTimeTests;
				PRODUCT_NAME = "$(TARGET_NAME)";
				STRING_CATALOG_GENERATE_SYMBOLS = NO;
				SWIFT_APPROACHABLE_CONCURRENCY = YES;
				SWIFT_EMIT_LOC_STRINGS = NO;
				SWIFT_UPCOMING_FEATURE_MEMBER_IMPORT_VISIBILITY = YES;
				SWIFT_VERSION = 5.0;
				TARGETED_DEVICE_FAMILY = "1,2";
				TEST_HOST = "$(BUILT_PRODUCTS_DIR)/MarsTime.app/$(BUNDLE_EXECUTABLE_FOLDER_PATH)/MarsTime";
			};
			name = Release;
		};
		CB82FAB12F0D3DF800D65A4A /* Debug */ = {
			isa = XCBuildConfiguration;
			buildSettings = {
				CODE_SIGN_STYLE = Automatic;
				CURRENT_PROJECT_VERSION = 1;
				DEVELOPMENT_TEAM = 286LKF859M;
				GENERATE_INFOPLIST_FILE = YES;
				MARKETING_VERSION = 1.0;
				PRODUCT_BUNDLE_IDENTIFIER = com.dushin.MarsTimeUITests;
				PRODUCT_NAME = "$(TARGET_NAME)";
				STRING_CATALOG_GENERATE_SYMBOLS = NO;
				SWIFT_APPROACHABLE_CONCURRENCY = YES;
				SWIFT_EMIT_LOC_STRINGS = NO;
				SWIFT_UPCOMING_FEATURE_MEMBER_IMPORT_VISIBILITY = YES;
				SWIFT_VERSION = 5.0;
				TARGETED_DEVICE_FAMILY = "1,2";
				TEST_TARGET_NAME = MarsTime;
			};
			name = Debug;
		};
		CB82FAB22F0D3DF800D65A4A /* Release */ = {
			isa = XCBuildConfiguration;
			buildSettings = {
				CODE_SIGN_STYLE = Automatic;
				CURRENT_PROJECT_VERSION = 1;
				DEVELOPMENT_TEAM = 286LKF859M;
				GENERATE_INFOPLIST_FILE = YES;
				MARKETING_VERSION = 1.0;
				PRODUCT_BUNDLE_IDENTIFIER = com.dushin.MarsTimeUITests;
				PRODUCT_NAME = "$(TARGET_NAME)";
				STRING_CATALOG_GENERATE_SYMBOLS = NO;
				SWIFT_APPROACHABLE_CONCURRENCY = YES;
				SWIFT_EMIT_LOC_STRINGS = NO;
				SWIFT_UPCOMING_FEATURE_MEMBER_IMPORT_VISIBILITY = YES;
				SWIFT_VERSION = 5.0;
				TARGETED_DEVICE_FAMILY = "1,2";
				TEST_TARGET_NAME = MarsTime;
			};
			name = Release;
		};
		CB82FAD92F0D3F1100D65A4A /* Debug */ = {
			isa = XCBuildConfiguration;
			buildSettings = {
				ASSETCATALOG_COMPILER_APPICON_NAME = AppIcon;
				ASSETCATALOG_COMPILER_GLOBAL_ACCENT_COLOR_NAME = AccentColor;
				CODE_SIGN_STYLE = Automatic;
				CURRENT_PROJECT_VERSION = 1;
				DEVELOPMENT_TEAM = 286LKF859M;
				ENABLE_PREVIEWS = YES;
				GENERATE_INFOPLIST_FILE = YES;
				INFOPLIST_KEY_CFBundleDisplayName = MarsTimeWatch;
				INFOPLIST_KEY_UISupportedInterfaceOrientations = "UIInterfaceOrientationPortrait UIInterfaceOrientationPortraitUpsideDown";
				INFOPLIST_KEY_WKCompanionAppBundleIdentifier = com.dushin.MarsTime;
				LD_RUNPATH_SEARCH_PATHS = (
					"$(inherited)",
					"@executable_path/Frameworks",
				);
				MARKETING_VERSION = 1.0;
				PRODUCT_BUNDLE_IDENTIFIER = com.dushin.MarsTime.watchkitapp;
				PRODUCT_NAME = "$(TARGET_NAME)";
				SDKROOT = watchos;
				SKIP_INSTALL = YES;
				STRING_CATALOG_GENERATE_SYMBOLS = YES;
				SWIFT_APPROACHABLE_CONCURRENCY = YES;
				SWIFT_DEFAULT_ACTOR_ISOLATION = MainActor;
				SWIFT_EMIT_LOC_STRINGS = YES;
				SWIFT_UPCOMING_FEATURE_MEMBER_IMPORT_VISIBILITY = YES;
				SWIFT_VERSION = 5.0;
				TARGETED_DEVICE_FAMILY = 4;
				WATCHOS_DEPLOYMENT_TARGET = 26.2;
			};
			name = Debug;
		};
		CB82FADA2F0D3F1100D65A4A /* Release */ = {
			isa = XCBuildConfiguration;
			buildSettings = {
				ASSETCATALOG_COMPILER_APPICON_NAME = AppIcon;
				ASSETCATALOG_COMPILER_GLOBAL_ACCENT_COLOR_NAME = AccentColor;
				CODE_SIGN_STYLE = Automatic;
				CURRENT_PROJECT_VERSION = 1;
				DEVELOPMENT_TEAM = 286LKF859M;
				ENABLE_PREVIEWS = YES;
				GENERATE_INFOPLIST_FILE = YES;
				INFOPLIST_KEY_CFBundleDisplayName = MarsTimeWatch;
				INFOPLIST_KEY_UISupportedInterfaceOrientations = "UIInterfaceOrientationPortrait UIInterfaceOrientationPortraitUpsideDown";
				INFOPLIST_KEY_WKCompanionAppBundleIdentifier = com.dushin.MarsTime;
				LD_RUNPATH_SEARCH_PATHS = (
					"$(inherited)",
					"@executable_path/Frameworks",
				);
				MARKETING_VERSION = 1.0;
				PRODUCT_BUNDLE_IDENTIFIER = com.dushin.MarsTime.watchkitapp;
				PRODUCT_NAME = "$(TARGET_NAME)";
				SDKROOT = watchos;
				SKIP_INSTALL = YES;
				STRING_CATALOG_GENERATE_SYMBOLS = YES;
				SWIFT_APPROACHABLE_CONCURRENCY = YES;
				SWIFT_DEFAULT_ACTOR_ISOLATION = MainActor;
				SWIFT_EMIT_LOC_STRINGS = YES;
				SWIFT_UPCOMING_FEATURE_MEMBER_IMPORT_VISIBILITY = YES;
				SWIFT_VERSION = 5.0;
				TARGETED_DEVICE_FAMILY = 4;
				WATCHOS_DEPLOYMENT_TARGET = 26.2;
			};
			name = Release;
		};
		CB82FADD2F0D3F1100D65A4A /* Debug */ = {
			isa = XCBuildConfiguration;
			buildSettings = {
				BUNDLE_LOADER = "$(TEST_HOST)";
				CODE_SIGN_STYLE = Automatic;
				CURRENT_PROJECT_VERSION = 1;
				DEVELOPMENT_TEAM = 286LKF859M;
				GENERATE_INFOPLIST_FILE = YES;
				MARKETING_VERSION = 1.0;
				PRODUCT_BUNDLE_IDENTIFIER = "com.dushin.MarsTimeWatch-Watch-AppTests";
				PRODUCT_NAME = "$(TARGET_NAME)";
				SDKROOT = watchos;
				STRING_CATALOG_GENERATE_SYMBOLS = NO;
				SWIFT_APPROACHABLE_CONCURRENCY = YES;
				SWIFT_EMIT_LOC_STRINGS = NO;
				SWIFT_UPCOMING_FEATURE_MEMBER_IMPORT_VISIBILITY = YES;
				SWIFT_VERSION = 5.0;
				TARGETED_DEVICE_FAMILY = 4;
				TEST_HOST = "$(BUILT_PRODUCTS_DIR)/MarsTimeWatch Watch App.app/$(BUNDLE_EXECUTABLE_FOLDER_PATH)/MarsTimeWatch Watch App";
				WATCHOS_DEPLOYMENT_TARGET = 26.2;
			};
			name = Debug;
		};
		CB82FADE2F0D3F1100D65A4A /* Release */ = {
			isa = XCBuildConfiguration;
			buildSettings = {
				BUNDLE_LOADER = "$(TEST_HOST)";
				CODE_SIGN_STYLE = Automatic;
				CURRENT_PROJECT_VERSION = 1;
				DEVELOPMENT_TEAM = 286LKF859M;
				GENERATE_INFOPLIST_FILE = YES;
				MARKETING_VERSION = 1.0;
				PRODUCT_BUNDLE_IDENTIFIER = "com.dushin.MarsTimeWatch-Watch-AppTests";
				PRODUCT_NAME = "$(TARGET_NAME)";
				SDKROOT = watchos;
				STRING_CATALOG_GENERATE_SYMBOLS = NO;
				SWIFT_APPROACHABLE_CONCURRENCY = YES;
				SWIFT_EMIT_LOC_STRINGS = NO;
				SWIFT_UPCOMING_FEATURE_MEMBER_IMPORT_VISIBILITY = YES;
				SWIFT_VERSION = 5.0;
				TARGETED_DEVICE_FAMILY = 4;
				TEST_HOST = "$(BUILT_PRODUCTS_DIR)/MarsTimeWatch Watch App.app/$(BUNDLE_EXECUTABLE_FOLDER_PATH)/MarsTimeWatch Watch App";
				WATCHOS_DEPLOYMENT_TARGET = 26.2;
			};
			name = Release;
		};
		CB82FAE02F0D3F1100D65A4A /* Debug */ = {
			isa = XCBuildConfiguration;
			buildSettings = {
				CODE_SIGN_STYLE = Automatic;
				CURRENT_PROJECT_VERSION = 1;
				DEVELOPMENT_TEAM = 286LKF859M;
				GENERATE_INFOPLIST_FILE = YES;
				MARKETING_VERSION = 1.0;
				PRODUCT_BUNDLE_IDENTIFIER = "com.dushin.MarsTimeWatch-Watch-AppUITests";
				PRODUCT_NAME = "$(TARGET_NAME)";
				SDKROOT = watchos;
				STRING_CATALOG_GENERATE_SYMBOLS = NO;
				SWIFT_APPROACHABLE_CONCURRENCY = YES;
				SWIFT_EMIT_LOC_STRINGS = NO;
				SWIFT_UPCOMING_FEATURE_MEMBER_IMPORT_VISIBILITY = YES;
				SWIFT_VERSION = 5.0;
				TARGETED_DEVICE_FAMILY = 4;
				TEST_TARGET_NAME = "MarsTimeWatch Watch App";
				WATCHOS_DEPLOYMENT_TARGET = 26.2;
			};
			name = Debug;
		};
		CB82FAE12F0D3F1100D65A4A /* Release */ = {
			isa = XCBuildConfiguration;
			buildSettings = {
				CODE_SIGN_STYLE = Automatic;
				CURRENT_PROJECT_VERSION = 1;
				DEVELOPMENT_TEAM = 286LKF859M;
				GENERATE_INFOPLIST_FILE = YES;
				MARKETING_VERSION = 1.0;
				PRODUCT_BUNDLE_IDENTIFIER = "com.dushin.MarsTimeWatch-Watch-AppUITests";
				PRODUCT_NAME = "$(TARGET_NAME)";
				SDKROOT = watchos;
				STRING_CATALOG_GENERATE_SYMBOLS = NO;
				SWIFT_APPROACHABLE_CONCURRENCY = YES;
				SWIFT_EMIT_LOC_STRINGS = NO;
				SWIFT_UPCOMING_FEATURE_MEMBER_IMPORT_VISIBILITY = YES;
				SWIFT_VERSION = 5.0;
				TARGETED_DEVICE_FAMILY = 4;
				TEST_TARGET_NAME = "MarsTimeWatch Watch App";
				WATCHOS_DEPLOYMENT_TARGET = 26.2;
			};
			name = Release;
		};
/* End XCBuildConfiguration section */

/* Begin XCConfigurationList section */
		CB82FA842F0D3DF500D65A4A /* Build configuration list for PBXProject "MarsTime" */ = {
			isa = XCConfigurationList;
			buildConfigurations = (
				CB82FAA82F0D3DF800D65A4A /* Debug */,
				CB82FAA92F0D3DF800D65A4A /* Release */,
			);
			defaultConfigurationIsVisible = 0;
			defaultConfigurationName = Release;
		};
		CB82FAAA2F0D3DF800D65A4A /* Build configuration list for PBXNativeTarget "MarsTime" */ = {
			isa = XCConfigurationList;
			buildConfigurations = (
				CB82FAAB2F0D3DF800D65A4A /* Debug */,
				CB82FAAC2F0D3DF800D65A4A /* Release */,
			);
			defaultConfigurationIsVisible = 0;
			defaultConfigurationName = Release;
		};
		CB82FAAD2F0D3DF800D65A4A /* Build configuration list for PBXNativeTarget "MarsTimeTests" */ = {
			isa = XCConfigurationList;
			buildConfigurations = (
				CB82FAAE2F0D3DF800D65A4A /* Debug */,
				CB82FAAF2F0D3DF800D65A4A /* Release */,
			);
			defaultConfigurationIsVisible = 0;
			defaultConfigurationName = Release;
		};
		CB82FAB02F0D3DF800D65A4A /* Build configuration list for PBXNativeTarget "MarsTimeUITests" */ = {
			isa = XCConfigurationList;
			buildConfigurations = (
				CB82FAB12F0D3DF800D65A4A /* Debug */,
				CB82FAB22F0D3DF800D65A4A /* Release */,
			);
			defaultConfigurationIsVisible = 0;
			defaultConfigurationName = Release;
		};
		CB82FAD82F0D3F1100D65A4A /* Build configuration list for PBXNativeTarget "MarsTimeWatch Watch App" */ = {
			isa = XCConfigurationList;
			buildConfigurations = (
				CB82FAD92F0D3F1100D65A4A /* Debug */,
				CB82FADA2F0D3F1100D65A4A /* Release */,
			);
			defaultConfigurationIsVisible = 0;
			defaultConfigurationName = Release;
		};
		CB82FADC2F0D3F1100D65A4A /* Build configuration list for PBXNativeTarget "MarsTimeWatch Watch AppTests" */ = {
			isa = XCConfigurationList;
			buildConfigurations = (
				CB82FADD2F0D3F1100D65A4A /* Debug */,
				CB82FADE2F0D3F1100D65A4A /* Release */,
			);
			defaultConfigurationIsVisible = 0;
			defaultConfigurationName = Release;
		};
		CB82FADF2F0D3F1100D65A4A /* Build configuration list for PBXNativeTarget "MarsTimeWatch Watch AppUITests" */ = {
			isa = XCConfigurationList;
			buildConfigurations = (
				CB82FAE02F0D3F1100D65A4A /* Debug */,
				CB82FAE12F0D3F1100D65A4A /* Release */,
			);
			defaultConfigurationIsVisible = 0;
			defaultConfigurationName = Release;
		};
/* End XCConfigurationList section */
	};
	rootObject = CB82FA812F0D3DF500D65A4A /* Project object */;
}
